
Microsoft Visual Studio Solution File, Format Version 12.00
# Visual Studio Version 17
VisualStudioVersion = 17.0.31903.59
MinimumVisualStudioVersion = 10.0.40219.1
Project("{2150E333-8FDC-42A3-9474-1A3956D46DE8}") = "src", "src", "{9DA209FC-896B-4320-8EAD-1F51486D8383}"
EndProject
Project("{9A19103F-16F7-4668-BE54-9A1E7A4F7556}") = "SolarniBaron.Api", "src\SolarniBaron.Api\SolarniBaron.Api.csproj", "{3262F8D8-A503-404B-AE7C-92D79BC34E2F}"
EndProject
Project("{2150E333-8FDC-42A3-9474-1A3956D46DE8}") = "test", "test", "{5FD01C16-ED92-4D53-8C3B-712F9BEC0F95}"
EndProject
Project("{9A19103F-16F7-4668-BE54-9A1E7A4F7556}") = "SolarniBaron.Api.Tests", "test\SolarniBaron.Api.Tests\SolarniBaron.Api.Tests.csproj", "{C39A58AE-EF8D-4E35-B53A-EA9E5215C745}"
EndProject
Project("{9A19103F-16F7-4668-BE54-9A1E7A4F7556}") = "SolarniBaron.Api.IntegrationTests", "test\SolarniBaron.Api.IntegrationTests\SolarniBaron.Api.IntegrationTests.csproj", "{D801DB3F-4A4B-4803-B5DA-A0BDE1AF476E}"
EndProject
Project("{9A19103F-16F7-4668-BE54-9A1E7A4F7556}") = "SolarniBaron.Domain", "src\SolarniBaron.Domain\SolarniBaron.Domain.csproj", "{B95C6576-3F00-45F9-ADA6-E5D1AA68A5D3}"
EndProject
Global
	GlobalSection(SolutionConfigurationPlatforms) = preSolution
		Debug|Any CPU = Debug|Any CPU
		Release|Any CPU = Release|Any CPU
	EndGlobalSection
	GlobalSection(ProjectConfigurationPlatforms) = postSolution
		{3262F8D8-A503-404B-AE7C-92D79BC34E2F}.Debug|Any CPU.ActiveCfg = Debug|Any CPU
		{3262F8D8-A503-404B-AE7C-92D79BC34E2F}.Debug|Any CPU.Build.0 = Debug|Any CPU
		{3262F8D8-A503-404B-AE7C-92D79BC34E2F}.Release|Any CPU.ActiveCfg = Release|Any CPU
		{3262F8D8-A503-404B-AE7C-92D79BC34E2F}.Release|Any CPU.Build.0 = Release|Any CPU
		{C39A58AE-EF8D-4E35-B53A-EA9E5215C745}.Debug|Any CPU.ActiveCfg = Debug|Any CPU
		{C39A58AE-EF8D-4E35-B53A-EA9E5215C745}.Debug|Any CPU.Build.0 = Debug|Any CPU
		{C39A58AE-EF8D-4E35-B53A-EA9E5215C745}.Release|Any CPU.ActiveCfg = Release|Any CPU
		{C39A58AE-EF8D-4E35-B53A-EA9E5215C745}.Release|Any CPU.Build.0 = Release|Any CPU
		{D801DB3F-4A4B-4803-B5DA-A0BDE1AF476E}.Debug|Any CPU.ActiveCfg = Debug|Any CPU
		{D801DB3F-4A4B-4803-B5DA-A0BDE1AF476E}.Debug|Any CPU.Build.0 = Debug|Any CPU
		{D801DB3F-4A4B-4803-B5DA-A0BDE1AF476E}.Release|Any CPU.ActiveCfg = Release|Any CPU
		{D801DB3F-4A4B-4803-B5DA-A0BDE1AF476E}.Release|Any CPU.Build.0 = Release|Any CPU
		{B95C6576-3F00-45F9-ADA6-E5D1AA68A5D3}.Debug|Any CPU.ActiveCfg = Debug|Any CPU
		{B95C6576-3F00-45F9-ADA6-E5D1AA68A5D3}.Debug|Any CPU.Build.0 = Debug|Any CPU
		{B95C6576-3F00-45F9-ADA6-E5D1AA68A5D3}.Release|Any CPU.ActiveCfg = Release|Any CPU
		{B95C6576-3F00-45F9-ADA6-E5D1AA68A5D3}.Release|Any CPU.Build.0 = Release|Any CPU
	EndGlobalSection
	GlobalSection(SolutionProperties) = preSolution
		HideSolutionNode = FALSE
	EndGlobalSection
	GlobalSection(NestedProjects) = preSolution
		{3262F8D8-A503-404B-AE7C-92D79BC34E2F} = {9DA209FC-896B-4320-8EAD-1F51486D8383}
		{C39A58AE-EF8D-4E35-B53A-EA9E5215C745} = {5FD01C16-ED92-4D53-8C3B-712F9BEC0F95}
		{D801DB3F-4A4B-4803-B5DA-A0BDE1AF476E} = {5FD01C16-ED92-4D53-8C3B-712F9BEC0F95}
		{B95C6576-3F00-45F9-ADA6-E5D1AA68A5D3} = {9DA209FC-896B-4320-8EAD-1F51486D8383}
	EndGlobalSection
	GlobalSection(ExtensibilityGlobals) = postSolution
		SolutionGuid = {22D3069A-09E9-4308-B98B-77C191F66495}
	EndGlobalSection
EndGlobal
